// !$*UTF8*$!
{
	archiveVersion = 1;
	classes = {
	};
	objectVersion = 46;
	objects = {

/* Begin PBXBuildFile section */
		35C2786884C1B3BC821AEB83 /* Pods_HomeAccessPlus.framework in Frameworks */ = {isa = PBXBuildFile; fileRef = 385B09CE6BDC1D2766640214 /* Pods_HomeAccessPlus.framework */; };
		FC364A761C0BACB30085DC7E /* LoginViewController.swift in Sources */ = {isa = PBXBuildFile; fileRef = FC364A751C0BACB30085DC7E /* LoginViewController.swift */; };
		FC3C6E2C1C3DC46A00B48383 /* UploadPopoverTableViewController.swift in Sources */ = {isa = PBXBuildFile; fileRef = FC3C6E2B1C3DC46A00B48383 /* UploadPopoverTableViewController.swift */; };
		FC78D30C1C5D7E5E00254B07 /* HomeAccessPlusUITests.swift in Sources */ = {isa = PBXBuildFile; fileRef = FC78D30B1C5D7E5E00254B07 /* HomeAccessPlusUITests.swift */; };
		FC7E9F1D1C1CDC8700ACD6A7 /* FileTableViewCell.swift in Sources */ = {isa = PBXBuildFile; fileRef = FC7E9F1C1C1CDC8700ACD6A7 /* FileTableViewCell.swift */; };
		FCB1D9EA1C09F54C00DEC02E /* AppDelegate.swift in Sources */ = {isa = PBXBuildFile; fileRef = FCB1D9E91C09F54C00DEC02E /* AppDelegate.swift */; };
		FCB1D9EC1C09F54C00DEC02E /* MasterViewController.swift in Sources */ = {isa = PBXBuildFile; fileRef = FCB1D9EB1C09F54C00DEC02E /* MasterViewController.swift */; };
		FCB1D9EE1C09F54C00DEC02E /* DetailViewController.swift in Sources */ = {isa = PBXBuildFile; fileRef = FCB1D9ED1C09F54C00DEC02E /* DetailViewController.swift */; };
		FCB1D9F11C09F54C00DEC02E /* Main.storyboard in Resources */ = {isa = PBXBuildFile; fileRef = FCB1D9EF1C09F54C00DEC02E /* Main.storyboard */; };
		FCB1D9F31C09F54C00DEC02E /* Assets.xcassets in Resources */ = {isa = PBXBuildFile; fileRef = FCB1D9F21C09F54C00DEC02E /* Assets.xcassets */; };
		FCB1D9F61C09F54C00DEC02E /* LaunchScreen.storyboard in Resources */ = {isa = PBXBuildFile; fileRef = FCB1D9F41C09F54C00DEC02E /* LaunchScreen.storyboard */; };
		FCB1DA011C09F54C00DEC02E /* HomeAccessPlusTests.swift in Sources */ = {isa = PBXBuildFile; fileRef = FCB1DA001C09F54C00DEC02E /* HomeAccessPlusTests.swift */; };
		FCE250101C0F946E00DD7E20 /* HAPi.swift in Sources */ = {isa = PBXBuildFile; fileRef = FCE2500F1C0F946E00DD7E20 /* HAPi.swift */; };
		FCF451A31C12FF500067DFF9 /* Reach.swift in Sources */ = {isa = PBXBuildFile; fileRef = FCF451A21C12FF500067DFF9 /* Reach.swift */; };
/* End PBXBuildFile section */

/* Begin PBXContainerItemProxy section */
		FC78D30E1C5D7E5E00254B07 /* PBXContainerItemProxy */ = {
			isa = PBXContainerItemProxy;
			containerPortal = FCB1D9DE1C09F54B00DEC02E /* Project object */;
			proxyType = 1;
			remoteGlobalIDString = FCB1D9E51C09F54C00DEC02E;
			remoteInfo = HomeAccessPlus;
		};
		FCB1D9FD1C09F54C00DEC02E /* PBXContainerItemProxy */ = {
			isa = PBXContainerItemProxy;
			containerPortal = FCB1D9DE1C09F54B00DEC02E /* Project object */;
			proxyType = 1;
			remoteGlobalIDString = FCB1D9E51C09F54C00DEC02E;
			remoteInfo = HomeAccessPlus;
		};
/* End PBXContainerItemProxy section */

/* Begin PBXFileReference section */
		127D1DAD81B4B64260F357E8 /* Pods-HomeAccessPlus.release.xcconfig */ = {isa = PBXFileReference; includeInIndex = 1; lastKnownFileType = text.xcconfig; name = "Pods-HomeAccessPlus.release.xcconfig"; path = "Pods/Target Support Files/Pods-HomeAccessPlus/Pods-HomeAccessPlus.release.xcconfig"; sourceTree = "<group>"; };
		1D0DF93B88C5F660330ECD54 /* Pods-HomeAccessPlus.debug.xcconfig */ = {isa = PBXFileReference; includeInIndex = 1; lastKnownFileType = text.xcconfig; name = "Pods-HomeAccessPlus.debug.xcconfig"; path = "Pods/Target Support Files/Pods-HomeAccessPlus/Pods-HomeAccessPlus.debug.xcconfig"; sourceTree = "<group>"; };
		385B09CE6BDC1D2766640214 /* Pods_HomeAccessPlus.framework */ = {isa = PBXFileReference; explicitFileType = wrapper.framework; includeInIndex = 0; path = Pods_HomeAccessPlus.framework; sourceTree = BUILT_PRODUCTS_DIR; };
		FC364A751C0BACB30085DC7E /* LoginViewController.swift */ = {isa = PBXFileReference; fileEncoding = 4; lastKnownFileType = sourcecode.swift; path = LoginViewController.swift; sourceTree = "<group>"; };
		FC3C6E2B1C3DC46A00B48383 /* UploadPopoverTableViewController.swift */ = {isa = PBXFileReference; fileEncoding = 4; lastKnownFileType = sourcecode.swift; path = UploadPopoverTableViewController.swift; sourceTree = "<group>"; };
		FC78D3091C5D7E5E00254B07 /* HomeAccessPlusUITests.xctest */ = {isa = PBXFileReference; explicitFileType = wrapper.cfbundle; includeInIndex = 0; path = HomeAccessPlusUITests.xctest; sourceTree = BUILT_PRODUCTS_DIR; };
		FC78D30B1C5D7E5E00254B07 /* HomeAccessPlusUITests.swift */ = {isa = PBXFileReference; lastKnownFileType = sourcecode.swift; path = HomeAccessPlusUITests.swift; sourceTree = "<group>"; };
		FC78D30D1C5D7E5E00254B07 /* Info.plist */ = {isa = PBXFileReference; lastKnownFileType = text.plist.xml; path = Info.plist; sourceTree = "<group>"; };
		FC7E9F1C1C1CDC8700ACD6A7 /* FileTableViewCell.swift */ = {isa = PBXFileReference; fileEncoding = 4; lastKnownFileType = sourcecode.swift; path = FileTableViewCell.swift; sourceTree = "<group>"; };
		FCB1D9E61C09F54C00DEC02E /* HomeAccessPlus.app */ = {isa = PBXFileReference; explicitFileType = wrapper.application; includeInIndex = 0; path = HomeAccessPlus.app; sourceTree = BUILT_PRODUCTS_DIR; };
		FCB1D9E91C09F54C00DEC02E /* AppDelegate.swift */ = {isa = PBXFileReference; lastKnownFileType = sourcecode.swift; path = AppDelegate.swift; sourceTree = "<group>"; };
		FCB1D9EB1C09F54C00DEC02E /* MasterViewController.swift */ = {isa = PBXFileReference; lastKnownFileType = sourcecode.swift; path = MasterViewController.swift; sourceTree = "<group>"; };
		FCB1D9ED1C09F54C00DEC02E /* DetailViewController.swift */ = {isa = PBXFileReference; lastKnownFileType = sourcecode.swift; path = DetailViewController.swift; sourceTree = "<group>"; };
		FCB1D9F01C09F54C00DEC02E /* Base */ = {isa = PBXFileReference; lastKnownFileType = file.storyboard; name = Base; path = Base.lproj/Main.storyboard; sourceTree = "<group>"; };
		FCB1D9F21C09F54C00DEC02E /* Assets.xcassets */ = {isa = PBXFileReference; lastKnownFileType = folder.assetcatalog; path = Assets.xcassets; sourceTree = "<group>"; };
		FCB1D9F51C09F54C00DEC02E /* Base */ = {isa = PBXFileReference; lastKnownFileType = file.storyboard; name = Base; path = Base.lproj/LaunchScreen.storyboard; sourceTree = "<group>"; };
		FCB1D9F71C09F54C00DEC02E /* Info.plist */ = {isa = PBXFileReference; lastKnownFileType = text.plist.xml; path = Info.plist; sourceTree = "<group>"; };
		FCB1D9FC1C09F54C00DEC02E /* HomeAccessPlusTests.xctest */ = {isa = PBXFileReference; explicitFileType = wrapper.cfbundle; includeInIndex = 0; path = HomeAccessPlusTests.xctest; sourceTree = BUILT_PRODUCTS_DIR; };
		FCB1DA001C09F54C00DEC02E /* HomeAccessPlusTests.swift */ = {isa = PBXFileReference; lastKnownFileType = sourcecode.swift; path = HomeAccessPlusTests.swift; sourceTree = "<group>"; };
		FCB1DA021C09F54C00DEC02E /* Info.plist */ = {isa = PBXFileReference; lastKnownFileType = text.plist.xml; path = Info.plist; sourceTree = "<group>"; };
		FCE2500F1C0F946E00DD7E20 /* HAPi.swift */ = {isa = PBXFileReference; fileEncoding = 4; lastKnownFileType = sourcecode.swift; path = HAPi.swift; sourceTree = "<group>"; };
		FCF451A21C12FF500067DFF9 /* Reach.swift */ = {isa = PBXFileReference; fileEncoding = 4; lastKnownFileType = sourcecode.swift; path = Reach.swift; sourceTree = "<group>"; };
/* End PBXFileReference section */

/* Begin PBXFrameworksBuildPhase section */
		FC78D3061C5D7E5E00254B07 /* Frameworks */ = {
			isa = PBXFrameworksBuildPhase;
			buildActionMask = 2147483647;
			files = (
			);
			runOnlyForDeploymentPostprocessing = 0;
		};
		FCB1D9E31C09F54C00DEC02E /* Frameworks */ = {
			isa = PBXFrameworksBuildPhase;
			buildActionMask = 2147483647;
			files = (
				35C2786884C1B3BC821AEB83 /* Pods_HomeAccessPlus.framework in Frameworks */,
			);
			runOnlyForDeploymentPostprocessing = 0;
		};
		FCB1D9F91C09F54C00DEC02E /* Frameworks */ = {
			isa = PBXFrameworksBuildPhase;
			buildActionMask = 2147483647;
			files = (
			);
			runOnlyForDeploymentPostprocessing = 0;
		};
/* End PBXFrameworksBuildPhase section */

/* Begin PBXGroup section */
		F05941D6A9177313791730CE /* Pods */ = {
			isa = PBXGroup;
			children = (
				1D0DF93B88C5F660330ECD54 /* Pods-HomeAccessPlus.debug.xcconfig */,
				127D1DAD81B4B64260F357E8 /* Pods-HomeAccessPlus.release.xcconfig */,
			);
			name = Pods;
			sourceTree = "<group>";
		};
		F764C4F5629690132DD516AB /* Frameworks */ = {
			isa = PBXGroup;
			children = (
				385B09CE6BDC1D2766640214 /* Pods_HomeAccessPlus.framework */,
			);
			name = Frameworks;
			sourceTree = "<group>";
		};
		FC78D30A1C5D7E5E00254B07 /* HomeAccessPlusUITests */ = {
			isa = PBXGroup;
			children = (
				FC78D30B1C5D7E5E00254B07 /* HomeAccessPlusUITests.swift */,
				FC78D30D1C5D7E5E00254B07 /* Info.plist */,
			);
			path = HomeAccessPlusUITests;
			sourceTree = "<group>";
		};
		FCB1D9DD1C09F54B00DEC02E = {
			isa = PBXGroup;
			children = (
				FCB1D9E81C09F54C00DEC02E /* HomeAccessPlus */,
				FCB1D9FF1C09F54C00DEC02E /* HomeAccessPlusTests */,
				FC78D30A1C5D7E5E00254B07 /* HomeAccessPlusUITests */,
				FCB1D9E71C09F54C00DEC02E /* Products */,
				F05941D6A9177313791730CE /* Pods */,
				F764C4F5629690132DD516AB /* Frameworks */,
			);
			sourceTree = "<group>";
		};
		FCB1D9E71C09F54C00DEC02E /* Products */ = {
			isa = PBXGroup;
			children = (
				FCB1D9E61C09F54C00DEC02E /* HomeAccessPlus.app */,
				FCB1D9FC1C09F54C00DEC02E /* HomeAccessPlusTests.xctest */,
				FC78D3091C5D7E5E00254B07 /* HomeAccessPlusUITests.xctest */,
			);
			name = Products;
			sourceTree = "<group>";
		};
		FCB1D9E81C09F54C00DEC02E /* HomeAccessPlus */ = {
			isa = PBXGroup;
			children = (
				FCB1D9E91C09F54C00DEC02E /* AppDelegate.swift */,
				FCB1D9EB1C09F54C00DEC02E /* MasterViewController.swift */,
				FCB1D9ED1C09F54C00DEC02E /* DetailViewController.swift */,
				FCB1D9EF1C09F54C00DEC02E /* Main.storyboard */,
				FC3C6E2B1C3DC46A00B48383 /* UploadPopoverTableViewController.swift */,
				FC7E9F1C1C1CDC8700ACD6A7 /* FileTableViewCell.swift */,
				FC364A751C0BACB30085DC7E /* LoginViewController.swift */,
				FCF451A21C12FF500067DFF9 /* Reach.swift */,
				FCB1D9F21C09F54C00DEC02E /* Assets.xcassets */,
				FCB1D9F41C09F54C00DEC02E /* LaunchScreen.storyboard */,
				FCB1D9F71C09F54C00DEC02E /* Info.plist */,
				FCE2500F1C0F946E00DD7E20 /* HAPi.swift */,
			);
			path = HomeAccessPlus;
			sourceTree = "<group>";
		};
		FCB1D9FF1C09F54C00DEC02E /* HomeAccessPlusTests */ = {
			isa = PBXGroup;
			children = (
				FCB1DA001C09F54C00DEC02E /* HomeAccessPlusTests.swift */,
				FCB1DA021C09F54C00DEC02E /* Info.plist */,
			);
			path = HomeAccessPlusTests;
			sourceTree = "<group>";
		};
/* End PBXGroup section */

/* Begin PBXNativeTarget section */
		FC78D3081C5D7E5E00254B07 /* HomeAccessPlusUITests */ = {
			isa = PBXNativeTarget;
			buildConfigurationList = FC78D3121C5D7E5E00254B07 /* Build configuration list for PBXNativeTarget "HomeAccessPlusUITests" */;
			buildPhases = (
				FC78D3051C5D7E5E00254B07 /* Sources */,
				FC78D3061C5D7E5E00254B07 /* Frameworks */,
				FC78D3071C5D7E5E00254B07 /* Resources */,
			);
			buildRules = (
			);
			dependencies = (
				FC78D30F1C5D7E5E00254B07 /* PBXTargetDependency */,
			);
			name = HomeAccessPlusUITests;
			productName = HomeAccessPlusUITests;
			productReference = FC78D3091C5D7E5E00254B07 /* HomeAccessPlusUITests.xctest */;
			productType = "com.apple.product-type.bundle.ui-testing";
		};
		FCB1D9E51C09F54C00DEC02E /* HomeAccessPlus */ = {
			isa = PBXNativeTarget;
			buildConfigurationList = FCB1DA051C09F54C00DEC02E /* Build configuration list for PBXNativeTarget "HomeAccessPlus" */;
			buildPhases = (
				EB8DFF1537E43C2273265AFB /* Check Pods Manifest.lock */,
				FCB1DA0B1C09F5DD00DEC02E /* ShellScript */,
				FCB1D9E21C09F54C00DEC02E /* Sources */,
				FCB1D9E31C09F54C00DEC02E /* Frameworks */,
				FCB1D9E41C09F54C00DEC02E /* Resources */,
				6A0A53FE09C4A5F91A638412 /* Embed Pods Frameworks */,
				A9BB9D95F403DE13D76BAE9B /* Copy Pods Resources */,
			);
			buildRules = (
			);
			dependencies = (
			);
			name = HomeAccessPlus;
			productName = HomeAccessPlus;
			productReference = FCB1D9E61C09F54C00DEC02E /* HomeAccessPlus.app */;
			productType = "com.apple.product-type.application";
		};
		FCB1D9FB1C09F54C00DEC02E /* HomeAccessPlusTests */ = {
			isa = PBXNativeTarget;
			buildConfigurationList = FCB1DA081C09F54C00DEC02E /* Build configuration list for PBXNativeTarget "HomeAccessPlusTests" */;
			buildPhases = (
				FCB1D9F81C09F54C00DEC02E /* Sources */,
				FCB1D9F91C09F54C00DEC02E /* Frameworks */,
				FCB1D9FA1C09F54C00DEC02E /* Resources */,
			);
			buildRules = (
			);
			dependencies = (
				FCB1D9FE1C09F54C00DEC02E /* PBXTargetDependency */,
			);
			name = HomeAccessPlusTests;
			productName = HomeAccessPlusTests;
			productReference = FCB1D9FC1C09F54C00DEC02E /* HomeAccessPlusTests.xctest */;
			productType = "com.apple.product-type.bundle.unit-test";
		};
/* End PBXNativeTarget section */

/* Begin PBXProject section */
		FCB1D9DE1C09F54B00DEC02E /* Project object */ = {
			isa = PBXProject;
			attributes = {
				LastSwiftUpdateCheck = 0710;
				LastUpgradeCheck = 0710;
				ORGANIZATIONNAME = "Jonathan Hart";
				TargetAttributes = {
					FC78D3081C5D7E5E00254B07 = {
						CreatedOnToolsVersion = 7.1.1;
						TestTargetID = FCB1D9E51C09F54C00DEC02E;
					};
					FCB1D9E51C09F54C00DEC02E = {
						CreatedOnToolsVersion = 7.1.1;
						DevelopmentTeam = 4ES87YFE58;
					};
					FCB1D9FB1C09F54C00DEC02E = {
						CreatedOnToolsVersion = 7.1.1;
						TestTargetID = FCB1D9E51C09F54C00DEC02E;
					};
				};
			};
			buildConfigurationList = FCB1D9E11C09F54B00DEC02E /* Build configuration list for PBXProject "HomeAccessPlus" */;
			compatibilityVersion = "Xcode 3.2";
			developmentRegion = English;
			hasScannedForEncodings = 0;
			knownRegions = (
				en,
				Base,
			);
			mainGroup = FCB1D9DD1C09F54B00DEC02E;
			productRefGroup = FCB1D9E71C09F54C00DEC02E /* Products */;
			projectDirPath = "";
			projectRoot = "";
			targets = (
				FCB1D9E51C09F54C00DEC02E /* HomeAccessPlus */,
				FCB1D9FB1C09F54C00DEC02E /* HomeAccessPlusTests */,
				FC78D3081C5D7E5E00254B07 /* HomeAccessPlusUITests */,
			);
		};
/* End PBXProject section */

/* Begin PBXResourcesBuildPhase section */
		FC78D3071C5D7E5E00254B07 /* Resources */ = {
			isa = PBXResourcesBuildPhase;
			buildActionMask = 2147483647;
			files = (
			);
			runOnlyForDeploymentPostprocessing = 0;
		};
		FCB1D9E41C09F54C00DEC02E /* Resources */ = {
			isa = PBXResourcesBuildPhase;
			buildActionMask = 2147483647;
			files = (
				FCB1D9F61C09F54C00DEC02E /* LaunchScreen.storyboard in Resources */,
				FCB1D9F31C09F54C00DEC02E /* Assets.xcassets in Resources */,
				FCB1D9F11C09F54C00DEC02E /* Main.storyboard in Resources */,
			);
			runOnlyForDeploymentPostprocessing = 0;
		};
		FCB1D9FA1C09F54C00DEC02E /* Resources */ = {
			isa = PBXResourcesBuildPhase;
			buildActionMask = 2147483647;
			files = (
			);
			runOnlyForDeploymentPostprocessing = 0;
		};
/* End PBXResourcesBuildPhase section */

/* Begin PBXShellScriptBuildPhase section */
		6A0A53FE09C4A5F91A638412 /* Embed Pods Frameworks */ = {
			isa = PBXShellScriptBuildPhase;
			buildActionMask = 2147483647;
			files = (
			);
			inputPaths = (
			);
			name = "Embed Pods Frameworks";
			outputPaths = (
			);
			runOnlyForDeploymentPostprocessing = 0;
			shellPath = /bin/sh;
			shellScript = "\"${SRCROOT}/Pods/Target Support Files/Pods-HomeAccessPlus/Pods-HomeAccessPlus-frameworks.sh\"\n";
			showEnvVarsInLog = 0;
		};
		A9BB9D95F403DE13D76BAE9B /* Copy Pods Resources */ = {
			isa = PBXShellScriptBuildPhase;
			buildActionMask = 2147483647;
			files = (
			);
			inputPaths = (
			);
			name = "Copy Pods Resources";
			outputPaths = (
			);
			runOnlyForDeploymentPostprocessing = 0;
			shellPath = /bin/sh;
			shellScript = "\"${SRCROOT}/Pods/Target Support Files/Pods-HomeAccessPlus/Pods-HomeAccessPlus-resources.sh\"\n";
			showEnvVarsInLog = 0;
		};
		EB8DFF1537E43C2273265AFB /* Check Pods Manifest.lock */ = {
			isa = PBXShellScriptBuildPhase;
			buildActionMask = 2147483647;
			files = (
			);
			inputPaths = (
			);
			name = "Check Pods Manifest.lock";
			outputPaths = (
			);
			runOnlyForDeploymentPostprocessing = 0;
			shellPath = /bin/sh;
			shellScript = "diff \"${PODS_ROOT}/../Podfile.lock\" \"${PODS_ROOT}/Manifest.lock\" > /dev/null\nif [[ $? != 0 ]] ; then\n    cat << EOM\nerror: The sandbox is not in sync with the Podfile.lock. Run 'pod install' or update your CocoaPods installation.\nEOM\n    exit 1\nfi\n";
			showEnvVarsInLog = 0;
		};
		FCB1DA0B1C09F5DD00DEC02E /* ShellScript */ = {
			isa = PBXShellScriptBuildPhase;
			buildActionMask = 2147483647;
			files = (
			);
			inputPaths = (
			);
			outputPaths = (
			);
			runOnlyForDeploymentPostprocessing = 0;
			shellPath = /bin/sh;
			shellScript = "#!/bin/bash\n\n# From: http://invisiblepixels.org/InvisibleWords/2015/02/06/automatically-incrementing-version-and-build-numbers/\n# The location of the plist file is provided by Xcode in the environment variable PRODUCT_SETTINGS_PATH\n# It is wrapped in quotes in case the path has a space in its name.\n\n# The output of any echo statements can be found in the Xcode build logs.\n\n# You need to include the whole path to the PlistBuddy executable because it's not in $PATH by default.\nOLD_NUMBER=`/usr/libexec/PlistBuddy -c \"Print CFBundleVersion\" \"$PRODUCT_SETTINGS_PATH\"`\n\n# If the build number key doesn't exist in the plist, we'll add it by setting its initial value to 1.\nif [ $? -ne 0 ]\nthen\nSTARTING_NUMBER=1\necho \"No build number present. Starting from ${STARTING_NUMBER}.\"\n`/usr/libexec/PlistBuddy -c \"Add CFBundleVersion string $STARTING_NUMBER\" \"$PRODUCT_SETTINGS_PATH\"`\nexit 0\nfi\n\n# Only reach this point if the build key exists in the plist file.\n# Do the increment. This can be as complicated as you want.\n# Might need a scripting language with better maths capabilities though if you want something truly tricky.\nNEW_NUMBER=$((OLD_NUMBER+=1))\necho \"NEW_NUMBER $NEW_NUMBER\"\n\n# Write it back to the plist\n`/usr/libexec/PlistBuddy -c \"Set CFBundleVersion $NEW_NUMBER\" \"$PRODUCT_SETTINGS_PATH\"`";
		};
/* End PBXShellScriptBuildPhase section */

/* Begin PBXSourcesBuildPhase section */
		FC78D3051C5D7E5E00254B07 /* Sources */ = {
			isa = PBXSourcesBuildPhase;
			buildActionMask = 2147483647;
			files = (
				FC78D30C1C5D7E5E00254B07 /* HomeAccessPlusUITests.swift in Sources */,
			);
			runOnlyForDeploymentPostprocessing = 0;
		};
		FCB1D9E21C09F54C00DEC02E /* Sources */ = {
			isa = PBXSourcesBuildPhase;
			buildActionMask = 2147483647;
			files = (
				FC3C6E2C1C3DC46A00B48383 /* UploadPopoverTableViewController.swift in Sources */,
				FC364A761C0BACB30085DC7E /* LoginViewController.swift in Sources */,
				FC7E9F1D1C1CDC8700ACD6A7 /* FileTableViewCell.swift in Sources */,
				FCF451A31C12FF500067DFF9 /* Reach.swift in Sources */,
				FCE250101C0F946E00DD7E20 /* HAPi.swift in Sources */,
				FCB1D9EE1C09F54C00DEC02E /* DetailViewController.swift in Sources */,
				FCB1D9EC1C09F54C00DEC02E /* MasterViewController.swift in Sources */,
				FCB1D9EA1C09F54C00DEC02E /* AppDelegate.swift in Sources */,
			);
			runOnlyForDeploymentPostprocessing = 0;
		};
		FCB1D9F81C09F54C00DEC02E /* Sources */ = {
			isa = PBXSourcesBuildPhase;
			buildActionMask = 2147483647;
			files = (
				FCB1DA011C09F54C00DEC02E /* HomeAccessPlusTests.swift in Sources */,
			);
			runOnlyForDeploymentPostprocessing = 0;
		};
/* End PBXSourcesBuildPhase section */

/* Begin PBXTargetDependency section */
		FC78D30F1C5D7E5E00254B07 /* PBXTargetDependency */ = {
			isa = PBXTargetDependency;
			target = FCB1D9E51C09F54C00DEC02E /* HomeAccessPlus */;
			targetProxy = FC78D30E1C5D7E5E00254B07 /* PBXContainerItemProxy */;
		};
		FCB1D9FE1C09F54C00DEC02E /* PBXTargetDependency */ = {
			isa = PBXTargetDependency;
			target = FCB1D9E51C09F54C00DEC02E /* HomeAccessPlus */;
			targetProxy = FCB1D9FD1C09F54C00DEC02E /* PBXContainerItemProxy */;
		};
/* End PBXTargetDependency section */

/* Begin PBXVariantGroup section */
		FCB1D9EF1C09F54C00DEC02E /* Main.storyboard */ = {
			isa = PBXVariantGroup;
			children = (
				FCB1D9F01C09F54C00DEC02E /* Base */,
			);
			name = Main.storyboard;
			sourceTree = "<group>";
		};
		FCB1D9F41C09F54C00DEC02E /* LaunchScreen.storyboard */ = {
			isa = PBXVariantGroup;
			children = (
				FCB1D9F51C09F54C00DEC02E /* Base */,
			);
			name = LaunchScreen.storyboard;
			sourceTree = "<group>";
		};
/* End PBXVariantGroup section */

/* Begin XCBuildConfiguration section */
		FC78D3101C5D7E5E00254B07 /* Debug */ = {
			isa = XCBuildConfiguration;
			buildSettings = {
				INFOPLIST_FILE = HomeAccessPlusUITests/Info.plist;
				LD_RUNPATH_SEARCH_PATHS = "$(inherited) @executable_path/Frameworks @loader_path/Frameworks";
				PRODUCT_BUNDLE_IDENTIFIER = uk.co.stuajnht.ios.HomeAccessPlusUITests;
				PRODUCT_NAME = "$(TARGET_NAME)";
				TEST_TARGET_NAME = HomeAccessPlus;
				USES_XCTRUNNER = YES;
			};
			name = Debug;
		};
		FC78D3111C5D7E5E00254B07 /* Release */ = {
			isa = XCBuildConfiguration;
			buildSettings = {
				INFOPLIST_FILE = HomeAccessPlusUITests/Info.plist;
				LD_RUNPATH_SEARCH_PATHS = "$(inherited) @executable_path/Frameworks @loader_path/Frameworks";
				PRODUCT_BUNDLE_IDENTIFIER = uk.co.stuajnht.ios.HomeAccessPlusUITests;
				PRODUCT_NAME = "$(TARGET_NAME)";
				TEST_TARGET_NAME = HomeAccessPlus;
				USES_XCTRUNNER = YES;
			};
			name = Release;
		};
		FCB1DA031C09F54C00DEC02E /* Debug */ = {
			isa = XCBuildConfiguration;
			buildSettings = {
				ALWAYS_SEARCH_USER_PATHS = NO;
				CLANG_CXX_LANGUAGE_STANDARD = "gnu++0x";
				CLANG_CXX_LIBRARY = "libc++";
				CLANG_ENABLE_MODULES = YES;
				CLANG_ENABLE_OBJC_ARC = YES;
				CLANG_WARN_BOOL_CONVERSION = YES;
				CLANG_WARN_CONSTANT_CONVERSION = YES;
				CLANG_WARN_DIRECT_OBJC_ISA_USAGE = YES_ERROR;
				CLANG_WARN_EMPTY_BODY = YES;
				CLANG_WARN_ENUM_CONVERSION = YES;
				CLANG_WARN_INT_CONVERSION = YES;
				CLANG_WARN_OBJC_ROOT_CLASS = YES_ERROR;
				CLANG_WARN_UNREACHABLE_CODE = YES;
				CLANG_WARN__DUPLICATE_METHOD_MATCH = YES;
				"CODE_SIGN_IDENTITY[sdk=iphoneos*]" = "iPhone Developer";
				COPY_PHASE_STRIP = NO;
				DEBUG_INFORMATION_FORMAT = dwarf;
				ENABLE_STRICT_OBJC_MSGSEND = YES;
				ENABLE_TESTABILITY = YES;
				GCC_C_LANGUAGE_STANDARD = gnu99;
				GCC_DYNAMIC_NO_PIC = NO;
				GCC_NO_COMMON_BLOCKS = YES;
				GCC_OPTIMIZATION_LEVEL = 0;
				GCC_PREPROCESSOR_DEFINITIONS = (
					"DEBUG=1",
					"$(inherited)",
				);
				GCC_WARN_64_TO_32_BIT_CONVERSION = YES;
				GCC_WARN_ABOUT_RETURN_TYPE = YES_ERROR;
				GCC_WARN_UNDECLARED_SELECTOR = YES;
				GCC_WARN_UNINITIALIZED_AUTOS = YES_AGGRESSIVE;
				GCC_WARN_UNUSED_FUNCTION = YES;
				GCC_WARN_UNUSED_VARIABLE = YES;
				IPHONEOS_DEPLOYMENT_TARGET = 9.1;
				MTL_ENABLE_DEBUG_INFO = YES;
				ONLY_ACTIVE_ARCH = YES;
				SDKROOT = iphoneos;
				SWIFT_OPTIMIZATION_LEVEL = "-Onone";
				TARGETED_DEVICE_FAMILY = "1,2";
			};
			name = Debug;
		};
		FCB1DA041C09F54C00DEC02E /* Release */ = {
			isa = XCBuildConfiguration;
			buildSettings = {
				ALWAYS_SEARCH_USER_PATHS = NO;
				CLANG_CXX_LANGUAGE_STANDARD = "gnu++0x";
				CLANG_CXX_LIBRARY = "libc++";
				CLANG_ENABLE_MODULES = YES;
				CLANG_ENABLE_OBJC_ARC = YES;
				CLANG_WARN_BOOL_CONVERSION = YES;
				CLANG_WARN_CONSTANT_CONVERSION = YES;
				CLANG_WARN_DIRECT_OBJC_ISA_USAGE = YES_ERROR;
				CLANG_WARN_EMPTY_BODY = YES;
				CLANG_WARN_ENUM_CONVERSION = YES;
				CLANG_WARN_INT_CONVERSION = YES;
				CLANG_WARN_OBJC_ROOT_CLASS = YES_ERROR;
				CLANG_WARN_UNREACHABLE_CODE = YES;
				CLANG_WARN__DUPLICATE_METHOD_MATCH = YES;
				"CODE_SIGN_IDENTITY[sdk=iphoneos*]" = "iPhone Developer";
				COPY_PHASE_STRIP = NO;
				DEBUG_INFORMATION_FORMAT = "dwarf-with-dsym";
				ENABLE_NS_ASSERTIONS = NO;
				ENABLE_STRICT_OBJC_MSGSEND = YES;
				GCC_C_LANGUAGE_STANDARD = gnu99;
				GCC_NO_COMMON_BLOCKS = YES;
				GCC_WARN_64_TO_32_BIT_CONVERSION = YES;
				GCC_WARN_ABOUT_RETURN_TYPE = YES_ERROR;
				GCC_WARN_UNDECLARED_SELECTOR = YES;
				GCC_WARN_UNINITIALIZED_AUTOS = YES_AGGRESSIVE;
				GCC_WARN_UNUSED_FUNCTION = YES;
				GCC_WARN_UNUSED_VARIABLE = YES;
				IPHONEOS_DEPLOYMENT_TARGET = 9.1;
				MTL_ENABLE_DEBUG_INFO = NO;
				SDKROOT = iphoneos;
				TARGETED_DEVICE_FAMILY = "1,2";
				VALIDATE_PRODUCT = YES;
			};
			name = Release;
		};
		FCB1DA061C09F54C00DEC02E /* Debug */ = {
			isa = XCBuildConfiguration;
			baseConfigurationReference = 1D0DF93B88C5F660330ECD54 /* Pods-HomeAccessPlus.debug.xcconfig */;
			buildSettings = {
				ASSETCATALOG_COMPILER_APPICON_NAME = AppIcon;
				CODE_SIGN_IDENTITY = "iPhone Developer";
				"CODE_SIGN_IDENTITY[sdk=iphoneos*]" = "iPhone Developer";
				INFOPLIST_FILE = HomeAccessPlus/Info.plist;
				IPHONEOS_DEPLOYMENT_TARGET = 9.0;
				LD_RUNPATH_SEARCH_PATHS = "$(inherited) @executable_path/Frameworks";
				PRODUCT_BUNDLE_IDENTIFIER = uk.co.stuajnht.ios.HomeAccessPlus;
				PRODUCT_NAME = "$(TARGET_NAME)";
				PROVISIONING_PROFILE = "";
			};
			name = Debug;
		};
		FCB1DA071C09F54C00DEC02E /* Release */ = {
			isa = XCBuildConfiguration;
			baseConfigurationReference = 127D1DAD81B4B64260F357E8 /* Pods-HomeAccessPlus.release.xcconfig */;
			buildSettings = {
				ASSETCATALOG_COMPILER_APPICON_NAME = AppIcon;
				CODE_SIGN_IDENTITY = "iPhone Developer";
				"CODE_SIGN_IDENTITY[sdk=iphoneos*]" = "iPhone Developer";
				INFOPLIST_FILE = HomeAccessPlus/Info.plist;
				IPHONEOS_DEPLOYMENT_TARGET = 9.0;
				LD_RUNPATH_SEARCH_PATHS = "$(inherited) @executable_path/Frameworks";
				PRODUCT_BUNDLE_IDENTIFIER = uk.co.stuajnht.ios.HomeAccessPlus;
				PRODUCT_NAME = "$(TARGET_NAME)";
				PROVISIONING_PROFILE = "";
			};
			name = Release;
		};
		FCB1DA091C09F54C00DEC02E /* Debug */ = {
			isa = XCBuildConfiguration;
			buildSettings = {
				BUNDLE_LOADER = "$(TEST_HOST)";
				INFOPLIST_FILE = HomeAccessPlusTests/Info.plist;
				LD_RUNPATH_SEARCH_PATHS = "$(inherited) @executable_path/Frameworks @loader_path/Frameworks";
				PRODUCT_BUNDLE_IDENTIFIER = uk.co.stuajnht.ios.HomeAccessPlusTests;
				PRODUCT_NAME = "$(TARGET_NAME)";
				TEST_HOST = "$(BUILT_PRODUCTS_DIR)/HomeAccessPlus.app/HomeAccessPlus";
			};
			name = Debug;
		};
		FCB1DA0A1C09F54C00DEC02E /* Release */ = {
			isa = XCBuildConfiguration;
			buildSettings = {
				BUNDLE_LOADER = "$(TEST_HOST)";
				INFOPLIST_FILE = HomeAccessPlusTests/Info.plist;
				LD_RUNPATH_SEARCH_PATHS = "$(inherited) @executable_path/Frameworks @loader_path/Frameworks";
				PRODUCT_BUNDLE_IDENTIFIER = uk.co.stuajnht.ios.HomeAccessPlusTests;
				PRODUCT_NAME = "$(TARGET_NAME)";
				TEST_HOST = "$(BUILT_PRODUCTS_DIR)/HomeAccessPlus.app/HomeAccessPlus";
			};
			name = Release;
		};
/* End XCBuildConfiguration section */

/* Begin XCConfigurationList section */
		FC78D3121C5D7E5E00254B07 /* Build configuration list for PBXNativeTarget "HomeAccessPlusUITests" */ = {
			isa = XCConfigurationList;
			buildConfigurations = (
				FC78D3101C5D7E5E00254B07 /* Debug */,
				FC78D3111C5D7E5E00254B07 /* Release */,
			);
			defaultConfigurationIsVisible = 0;
			defaultConfigurationName = Release;
		};
		FCB1D9E11C09F54B00DEC02E /* Build configuration list for PBXProject "HomeAccessPlus" */ = {
			isa = XCConfigurationList;
			buildConfigurations = (
				FCB1DA031C09F54C00DEC02E /* Debug */,
				FCB1DA041C09F54C00DEC02E /* Release */,
			);
			defaultConfigurationIsVisible = 0;
			defaultConfigurationName = Release;
		};
		FCB1DA051C09F54C00DEC02E /* Build configuration list for PBXNativeTarget "HomeAccessPlus" */ = {
			isa = XCConfigurationList;
			buildConfigurations = (
				FCB1DA061C09F54C00DEC02E /* Debug */,
				FCB1DA071C09F54C00DEC02E /* Release */,
			);
			defaultConfigurationIsVisible = 0;
			defaultConfigurationName = Release;
		};
		FCB1DA081C09F54C00DEC02E /* Build configuration list for PBXNativeTarget "HomeAccessPlusTests" */ = {
			isa = XCConfigurationList;
			buildConfigurations = (
				FCB1DA091C09F54C00DEC02E /* Debug */,
				FCB1DA0A1C09F54C00DEC02E /* Release */,
			);
			defaultConfigurationIsVisible = 0;
			defaultConfigurationName = Release;
		};
/* End XCConfigurationList section */
	};
	rootObject = FCB1D9DE1C09F54B00DEC02E /* Project object */;
}
